
Microsoft Visual Studio Solution File, Format Version 12.00
# Visual Studio Version 16
VisualStudioVersion = 16.0.31205.134
MinimumVisualStudioVersion = 10.0.40219.1
Project("{FAE04EC0-301F-11D3-BF4B-00C04F79EFBC}") = "Ferreteria", "Ferreteria\Ferreteria.csproj", "{FC674D2C-CFC4-43F7-ADC2-45894F39422A}"
EndProject
Global
	GlobalSection(SolutionConfigurationPlatforms) = preSolution
		Debug|Any CPU = Debug|Any CPU
		Release|Any CPU = Release|Any CPU
	EndGlobalSection
	GlobalSection(ProjectConfigurationPlatforms) = postSolution
		{FC674D2C-CFC4-43F7-ADC2-45894F39422A}.Debug|Any CPU.ActiveCfg = Debug|Any CPU
		{FC674D2C-CFC4-43F7-ADC2-45894F39422A}.Debug|Any CPU.Build.0 = Debug|Any CPU
		{FC674D2C-CFC4-43F7-ADC2-45894F39422A}.Release|Any CPU.ActiveCfg = Release|Any CPU
		{FC674D2C-CFC4-43F7-ADC2-45894F39422A}.Release|Any CPU.Build.0 = Release|Any CPU
	EndGlobalSection
	GlobalSection(SolutionProperties) = preSolution
		HideSolutionNode = FALSE
	EndGlobalSection
	GlobalSection(ExtensibilityGlobals) = postSolution
		SolutionGuid = {BAEA378B-0371-4FC8-B68B-B17BBA074307}
	EndGlobalSection
EndGlobal
